// !$*UTF8*$!
{
	archiveVersion = 1;
	classes = {
	};
	objectVersion = 56;
	objects = {

/* Begin PBXBuildFile section */
		6E21B1F12A724CE400D7613A /* AppDelegate.swift in Sources */ = {isa = PBXBuildFile; fileRef = 6E21B1F02A724CE400D7613A /* AppDelegate.swift */; };
		6E21B1F32A724CE400D7613A /* SceneDelegate.swift in Sources */ = {isa = PBXBuildFile; fileRef = 6E21B1F22A724CE400D7613A /* SceneDelegate.swift */; };
		6E21B1F52A724CE400D7613A /* ViewController.swift in Sources */ = {isa = PBXBuildFile; fileRef = 6E21B1F42A724CE400D7613A /* ViewController.swift */; };
		6E21B1F82A724CE400D7613A /* Main.storyboard in Resources */ = {isa = PBXBuildFile; fileRef = 6E21B1F62A724CE400D7613A /* Main.storyboard */; };
		6E21B1FA2A724CE600D7613A /* Assets.xcassets in Resources */ = {isa = PBXBuildFile; fileRef = 6E21B1F92A724CE600D7613A /* Assets.xcassets */; };
		6E21B1FD2A724CE600D7613A /* LaunchScreen.storyboard in Resources */ = {isa = PBXBuildFile; fileRef = 6E21B1FB2A724CE600D7613A /* LaunchScreen.storyboard */; };
		6E21B2092A72647500D7613A /* Case2TableViewController.swift in Sources */ = {isa = PBXBuildFile; fileRef = 6E21B2082A72647500D7613A /* Case2TableViewController.swift */; };
		6E21B20B2A728D9D00D7613A /* Case3TableViewController.swift in Sources */ = {isa = PBXBuildFile; fileRef = 6E21B20A2A728D9D00D7613A /* Case3TableViewController.swift */; };
		6E21B20D2A72988700D7613A /* alert.swift in Sources */ = {isa = PBXBuildFile; fileRef = 6E21B20C2A72988700D7613A /* alert.swift */; };
		6E9F6B3C2A73AB5300478C92 /* CustomTableViewCell.swift in Sources */ = {isa = PBXBuildFile; fileRef = 6E9F6B3B2A73AB5300478C92 /* CustomTableViewCell.swift */; };
		6E9F6B3E2A73AD2400478C92 /* CustomShowpingList.swift in Sources */ = {isa = PBXBuildFile; fileRef = 6E9F6B3D2A73AD2400478C92 /* CustomShowpingList.swift */; };
		6E9F6B402A73B44000478C92 /* ShowppingArray.swift in Sources */ = {isa = PBXBuildFile; fileRef = 6E9F6B3F2A73B44000478C92 /* ShowppingArray.swift */; };
		6E9F6B462A73CF7C00478C92 /* MovieTableViewController.swift in Sources */ = {isa = PBXBuildFile; fileRef = 6E9F6B452A73CF7C00478C92 /* MovieTableViewController.swift */; };
		6E9F6B482A73CFC400478C92 /* MovieTableViewCell.swift in Sources */ = {isa = PBXBuildFile; fileRef = 6E9F6B472A73CFC400478C92 /* MovieTableViewCell.swift */; };
		6E9F6B4A2A73D00F00478C92 /* MovieArray.swift in Sources */ = {isa = PBXBuildFile; fileRef = 6E9F6B492A73D00F00478C92 /* MovieArray.swift */; };
		6E9F6B4C2A73D08700478C92 /* MovieFoodTray.swift in Sources */ = {isa = PBXBuildFile; fileRef = 6E9F6B4B2A73D08700478C92 /* MovieFoodTray.swift */; };
		6EB053FF2A75368400C210A7 /* ExerciseCellValue.swift in Sources */ = {isa = PBXBuildFile; fileRef = 6EB053FE2A75368400C210A7 /* ExerciseCellValue.swift */; };
		6EB054012A7536AA00C210A7 /* ExerciseArray.swift in Sources */ = {isa = PBXBuildFile; fileRef = 6EB054002A7536AA00C210A7 /* ExerciseArray.swift */; };
		6EC5481A2A74E3A600ACD42C /* ExerciseTableViewController.swift in Sources */ = {isa = PBXBuildFile; fileRef = 6EC548192A74E3A600ACD42C /* ExerciseTableViewController.swift */; };
		6EC5481C2A74E3D900ACD42C /* ExerciseTableViewCell.swift in Sources */ = {isa = PBXBuildFile; fileRef = 6EC5481B2A74E3D900ACD42C /* ExerciseTableViewCell.swift */; };
/* End PBXBuildFile section */

/* Begin PBXFileReference section */
		6E21B1ED2A724CE400D7613A /* week2-TableProject.app */ = {isa = PBXFileReference; explicitFileType = wrapper.application; includeInIndex = 0; path = "week2-TableProject.app"; sourceTree = BUILT_PRODUCTS_DIR; };
		6E21B1F02A724CE400D7613A /* AppDelegate.swift */ = {isa = PBXFileReference; lastKnownFileType = sourcecode.swift; path = AppDelegate.swift; sourceTree = "<group>"; };
		6E21B1F22A724CE400D7613A /* SceneDelegate.swift */ = {isa = PBXFileReference; lastKnownFileType = sourcecode.swift; path = SceneDelegate.swift; sourceTree = "<group>"; };
		6E21B1F42A724CE400D7613A /* ViewController.swift */ = {isa = PBXFileReference; lastKnownFileType = sourcecode.swift; path = ViewController.swift; sourceTree = "<group>"; };
		6E21B1F72A724CE400D7613A /* Base */ = {isa = PBXFileReference; lastKnownFileType = file.storyboard; name = Base; path = Base.lproj/Main.storyboard; sourceTree = "<group>"; };
		6E21B1F92A724CE600D7613A /* Assets.xcassets */ = {isa = PBXFileReference; lastKnownFileType = folder.assetcatalog; path = Assets.xcassets; sourceTree = "<group>"; };
		6E21B1FC2A724CE600D7613A /* Base */ = {isa = PBXFileReference; lastKnownFileType = file.storyboard; name = Base; path = Base.lproj/LaunchScreen.storyboard; sourceTree = "<group>"; };
		6E21B1FE2A724CE600D7613A /* Info.plist */ = {isa = PBXFileReference; lastKnownFileType = text.plist.xml; path = Info.plist; sourceTree = "<group>"; };
		6E21B2082A72647500D7613A /* Case2TableViewController.swift */ = {isa = PBXFileReference; lastKnownFileType = sourcecode.swift; path = Case2TableViewController.swift; sourceTree = "<group>"; };
		6E21B20A2A728D9D00D7613A /* Case3TableViewController.swift */ = {isa = PBXFileReference; lastKnownFileType = sourcecode.swift; name = Case3TableViewController.swift; path = "week2-TableProject/case3/Case3TableViewController.swift"; sourceTree = SOURCE_ROOT; };
		6E21B20C2A72988700D7613A /* alert.swift */ = {isa = PBXFileReference; lastKnownFileType = sourcecode.swift; path = alert.swift; sourceTree = "<group>"; };
		6E9F6B3B2A73AB5300478C92 /* CustomTableViewCell.swift */ = {isa = PBXFileReference; lastKnownFileType = sourcecode.swift; path = CustomTableViewCell.swift; sourceTree = "<group>"; };
		6E9F6B3D2A73AD2400478C92 /* CustomShowpingList.swift */ = {isa = PBXFileReference; lastKnownFileType = sourcecode.swift; path = CustomShowpingList.swift; sourceTree = "<group>"; };
		6E9F6B3F2A73B44000478C92 /* ShowppingArray.swift */ = {isa = PBXFileReference; lastKnownFileType = sourcecode.swift; path = ShowppingArray.swift; sourceTree = "<group>"; };
		6E9F6B452A73CF7C00478C92 /* MovieTableViewController.swift */ = {isa = PBXFileReference; lastKnownFileType = sourcecode.swift; path = MovieTableViewController.swift; sourceTree = "<group>"; };
		6E9F6B472A73CFC400478C92 /* MovieTableViewCell.swift */ = {isa = PBXFileReference; lastKnownFileType = sourcecode.swift; path = MovieTableViewCell.swift; sourceTree = "<group>"; };
		6E9F6B492A73D00F00478C92 /* MovieArray.swift */ = {isa = PBXFileReference; lastKnownFileType = sourcecode.swift; path = MovieArray.swift; sourceTree = "<group>"; };
		6E9F6B4B2A73D08700478C92 /* MovieFoodTray.swift */ = {isa = PBXFileReference; lastKnownFileType = sourcecode.swift; path = MovieFoodTray.swift; sourceTree = "<group>"; };
		6EB053FE2A75368400C210A7 /* ExerciseCellValue.swift */ = {isa = PBXFileReference; lastKnownFileType = sourcecode.swift; path = ExerciseCellValue.swift; sourceTree = "<group>"; };
		6EB054002A7536AA00C210A7 /* ExerciseArray.swift */ = {isa = PBXFileReference; lastKnownFileType = sourcecode.swift; path = ExerciseArray.swift; sourceTree = "<group>"; };
		6EC548192A74E3A600ACD42C /* ExerciseTableViewController.swift */ = {isa = PBXFileReference; lastKnownFileType = sourcecode.swift; path = ExerciseTableViewController.swift; sourceTree = "<group>"; };
		6EC5481B2A74E3D900ACD42C /* ExerciseTableViewCell.swift */ = {isa = PBXFileReference; lastKnownFileType = sourcecode.swift; path = ExerciseTableViewCell.swift; sourceTree = "<group>"; };
/* End PBXFileReference section */

/* Begin PBXFrameworksBuildPhase section */
		6E21B1EA2A724CE400D7613A /* Frameworks */ = {
			isa = PBXFrameworksBuildPhase;
			buildActionMask = 2147483647;
			files = (
			);
			runOnlyForDeploymentPostprocessing = 0;
		};
/* End PBXFrameworksBuildPhase section */

/* Begin PBXGroup section */
		6E21B1E42A724CE400D7613A = {
			isa = PBXGroup;
			children = (
				6E21B1EF2A724CE400D7613A /* week2-TableProject */,
				6E21B1EE2A724CE400D7613A /* Products */,
			);
			sourceTree = "<group>";
		};
		6E21B1EE2A724CE400D7613A /* Products */ = {
			isa = PBXGroup;
			children = (
				6E21B1ED2A724CE400D7613A /* week2-TableProject.app */,
			);
			name = Products;
			sourceTree = "<group>";
		};
		6E21B1EF2A724CE400D7613A /* week2-TableProject */ = {
			isa = PBXGroup;
			children = (
				6EC548182A74E09900ACD42C /* TableViewPractice1 */,
				6E9F6B412A73C81300478C92 /* case3 */,
				6E9F6B422A73CF1200478C92 /* Movie */,
				6E21B1F02A724CE400D7613A /* AppDelegate.swift */,
				6E21B1F22A724CE400D7613A /* SceneDelegate.swift */,
				6E21B1F42A724CE400D7613A /* ViewController.swift */,
				6E21B1F62A724CE400D7613A /* Main.storyboard */,
				6E21B1F92A724CE600D7613A /* Assets.xcassets */,
				6E21B1FB2A724CE600D7613A /* LaunchScreen.storyboard */,
				6E21B1FE2A724CE600D7613A /* Info.plist */,
				6E21B2082A72647500D7613A /* Case2TableViewController.swift */,
			);
			path = "week2-TableProject";
			sourceTree = "<group>";
		};
		6E9F6B412A73C81300478C92 /* case3 */ = {
			isa = PBXGroup;
			children = (
				6E21B20C2A72988700D7613A /* alert.swift */,
				6E9F6B3F2A73B44000478C92 /* ShowppingArray.swift */,
				6E9F6B3B2A73AB5300478C92 /* CustomTableViewCell.swift */,
				6E9F6B3D2A73AD2400478C92 /* CustomShowpingList.swift */,
				6E21B20A2A728D9D00D7613A /* Case3TableViewController.swift */,
			);
			path = case3;
			sourceTree = "<group>";
		};
		6E9F6B422A73CF1200478C92 /* Movie */ = {
			isa = PBXGroup;
			children = (
				6E9F6B452A73CF7C00478C92 /* MovieTableViewController.swift */,
				6E9F6B472A73CFC400478C92 /* MovieTableViewCell.swift */,
				6E9F6B492A73D00F00478C92 /* MovieArray.swift */,
				6E9F6B4B2A73D08700478C92 /* MovieFoodTray.swift */,
			);
			path = Movie;
			sourceTree = "<group>";
		};
		6EC548182A74E09900ACD42C /* TableViewPractice1 */ = {
			isa = PBXGroup;
			children = (
				6EC548192A74E3A600ACD42C /* ExerciseTableViewController.swift */,
				6EC5481B2A74E3D900ACD42C /* ExerciseTableViewCell.swift */,
				6EB053FE2A75368400C210A7 /* ExerciseCellValue.swift */,
				6EB054002A7536AA00C210A7 /* ExerciseArray.swift */,
			);
			path = TableViewPractice1;
			sourceTree = "<group>";
		};
/* End PBXGroup section */

/* Begin PBXNativeTarget section */
		6E21B1EC2A724CE400D7613A /* week2-TableProject */ = {
			isa = PBXNativeTarget;
			buildConfigurationList = 6E21B2012A724CE600D7613A /* Build configuration list for PBXNativeTarget "week2-TableProject" */;
			buildPhases = (
				6E21B1E92A724CE400D7613A /* Sources */,
				6E21B1EA2A724CE400D7613A /* Frameworks */,
				6E21B1EB2A724CE400D7613A /* Resources */,
			);
			buildRules = (
			);
			dependencies = (
			);
			name = "week2-TableProject";
			productName = "week2-TableProject";
			productReference = 6E21B1ED2A724CE400D7613A /* week2-TableProject.app */;
			productType = "com.apple.product-type.application";
		};
/* End PBXNativeTarget section */

/* Begin PBXProject section */
		6E21B1E52A724CE400D7613A /* Project object */ = {
			isa = PBXProject;
			attributes = {
				BuildIndependentTargetsInParallel = 1;
				LastSwiftUpdateCheck = 1430;
				LastUpgradeCheck = 1430;
				TargetAttributes = {
					6E21B1EC2A724CE400D7613A = {
						CreatedOnToolsVersion = 14.3.1;
					};
				};
			};
			buildConfigurationList = 6E21B1E82A724CE400D7613A /* Build configuration list for PBXProject "week2-TableProject" */;
			compatibilityVersion = "Xcode 14.0";
			developmentRegion = en;
			hasScannedForEncodings = 0;
			knownRegions = (
				en,
				Base,
			);
			mainGroup = 6E21B1E42A724CE400D7613A;
			productRefGroup = 6E21B1EE2A724CE400D7613A /* Products */;
			projectDirPath = "";
			projectRoot = "";
			targets = (
				6E21B1EC2A724CE400D7613A /* week2-TableProject */,
			);
		};
/* End PBXProject section */

/* Begin PBXResourcesBuildPhase section */
		6E21B1EB2A724CE400D7613A /* Resources */ = {
			isa = PBXResourcesBuildPhase;
			buildActionMask = 2147483647;
			files = (
				6E21B1FD2A724CE600D7613A /* LaunchScreen.storyboard in Resources */,
				6E21B1FA2A724CE600D7613A /* Assets.xcassets in Resources */,
				6E21B1F82A724CE400D7613A /* Main.storyboard in Resources */,
			);
			runOnlyForDeploymentPostprocessing = 0;
		};
/* End PBXResourcesBuildPhase section */

/* Begin PBXSourcesBuildPhase section */
		6E21B1E92A724CE400D7613A /* Sources */ = {
			isa = PBXSourcesBuildPhase;
			buildActionMask = 2147483647;
			files = (
				6E9F6B4C2A73D08700478C92 /* MovieFoodTray.swift in Sources */,
				6E9F6B462A73CF7C00478C92 /* MovieTableViewController.swift in Sources */,
				6E21B20B2A728D9D00D7613A /* Case3TableViewController.swift in Sources */,
				6E9F6B3E2A73AD2400478C92 /* CustomShowpingList.swift in Sources */,
				6E21B1F52A724CE400D7613A /* ViewController.swift in Sources */,
				6EB054012A7536AA00C210A7 /* ExerciseArray.swift in Sources */,
				6E21B1F12A724CE400D7613A /* AppDelegate.swift in Sources */,
				6EC5481C2A74E3D900ACD42C /* ExerciseTableViewCell.swift in Sources */,
				6EB053FF2A75368400C210A7 /* ExerciseCellValue.swift in Sources */,
				6E9F6B3C2A73AB5300478C92 /* CustomTableViewCell.swift in Sources */,
				6E21B2092A72647500D7613A /* Case2TableViewController.swift in Sources */,
				6E9F6B402A73B44000478C92 /* ShowppingArray.swift in Sources */,
				6EC5481A2A74E3A600ACD42C /* ExerciseTableViewController.swift in Sources */,
				6E21B20D2A72988700D7613A /* alert.swift in Sources */,
				6E9F6B482A73CFC400478C92 /* MovieTableViewCell.swift in Sources */,
				6E9F6B4A2A73D00F00478C92 /* MovieArray.swift in Sources */,
				6E21B1F32A724CE400D7613A /* SceneDelegate.swift in Sources */,
			);
			runOnlyForDeploymentPostprocessing = 0;
		};
/* End PBXSourcesBuildPhase section */

/* Begin PBXVariantGroup section */
		6E21B1F62A724CE400D7613A /* Main.storyboard */ = {
			isa = PBXVariantGroup;
			children = (
				6E21B1F72A724CE400D7613A /* Base */,
			);
			name = Main.storyboard;
			sourceTree = "<group>";
		};
		6E21B1FB2A724CE600D7613A /* LaunchScreen.storyboard */ = {
			isa = PBXVariantGroup;
			children = (
				6E21B1FC2A724CE600D7613A /* Base */,
			);
			name = LaunchScreen.storyboard;
			sourceTree = "<group>";
		};
/* End PBXVariantGroup section */

/* Begin XCBuildConfiguration section */
		6E21B1FF2A724CE600D7613A /* Debug */ = {
			isa = XCBuildConfiguration;
			buildSettings = {
				ALWAYS_SEARCH_USER_PATHS = NO;
				CLANG_ANALYZER_NONNULL = YES;
				CLANG_ANALYZER_NUMBER_OBJECT_CONVERSION = YES_AGGRESSIVE;
				CLANG_CXX_LANGUAGE_STANDARD = "gnu++20";
				CLANG_ENABLE_MODULES = YES;
				CLANG_ENABLE_OBJC_ARC = YES;
				CLANG_ENABLE_OBJC_WEAK = YES;
				CLANG_WARN_BLOCK_CAPTURE_AUTORELEASING = YES;
				CLANG_WARN_BOOL_CONVERSION = YES;
				CLANG_WARN_COMMA = YES;
				CLANG_WARN_CONSTANT_CONVERSION = YES;
				CLANG_WARN_DEPRECATED_OBJC_IMPLEMENTATIONS = YES;
				CLANG_WARN_DIRECT_OBJC_ISA_USAGE = YES_ERROR;
				CLANG_WARN_DOCUMENTATION_COMMENTS = YES;
				CLANG_WARN_EMPTY_BODY = YES;
				CLANG_WARN_ENUM_CONVERSION = YES;
				CLANG_WARN_INFINITE_RECURSION = YES;
				CLANG_WARN_INT_CONVERSION = YES;
				CLANG_WARN_NON_LITERAL_NULL_CONVERSION = YES;
				CLANG_WARN_OBJC_IMPLICIT_RETAIN_SELF = YES;
				CLANG_WARN_OBJC_LITERAL_CONVERSION = YES;
				CLANG_WARN_OBJC_ROOT_CLASS = YES_ERROR;
				CLANG_WARN_QUOTED_INCLUDE_IN_FRAMEWORK_HEADER = YES;
				CLANG_WARN_RANGE_LOOP_ANALYSIS = YES;
				CLANG_WARN_STRICT_PROTOTYPES = YES;
				CLANG_WARN_SUSPICIOUS_MOVE = YES;
				CLANG_WARN_UNGUARDED_AVAILABILITY = YES_AGGRESSIVE;
				CLANG_WARN_UNREACHABLE_CODE = YES;
				CLANG_WARN__DUPLICATE_METHOD_MATCH = YES;
				COPY_PHASE_STRIP = NO;
				DEBUG_INFORMATION_FORMAT = dwarf;
				ENABLE_STRICT_OBJC_MSGSEND = YES;
				ENABLE_TESTABILITY = YES;
				GCC_C_LANGUAGE_STANDARD = gnu11;
				GCC_DYNAMIC_NO_PIC = NO;
				GCC_NO_COMMON_BLOCKS = YES;
				GCC_OPTIMIZATION_LEVEL = 0;
				GCC_PREPROCESSOR_DEFINITIONS = (
					"DEBUG=1",
					"$(inherited)",
				);
				GCC_WARN_64_TO_32_BIT_CONVERSION = YES;
				GCC_WARN_ABOUT_RETURN_TYPE = YES_ERROR;
				GCC_WARN_UNDECLARED_SELECTOR = YES;
				GCC_WARN_UNINITIALIZED_AUTOS = YES_AGGRESSIVE;
				GCC_WARN_UNUSED_FUNCTION = YES;
				GCC_WARN_UNUSED_VARIABLE = YES;
				IPHONEOS_DEPLOYMENT_TARGET = 16.4;
				MTL_ENABLE_DEBUG_INFO = INCLUDE_SOURCE;
				MTL_FAST_MATH = YES;
				ONLY_ACTIVE_ARCH = YES;
				SDKROOT = iphoneos;
				SWIFT_ACTIVE_COMPILATION_CONDITIONS = DEBUG;
				SWIFT_OPTIMIZATION_LEVEL = "-Onone";
			};
			name = Debug;
		};
		6E21B2002A724CE600D7613A /* Release */ = {
			isa = XCBuildConfiguration;
			buildSettings = {
				ALWAYS_SEARCH_USER_PATHS = NO;
				CLANG_ANALYZER_NONNULL = YES;
				CLANG_ANALYZER_NUMBER_OBJECT_CONVERSION = YES_AGGRESSIVE;
				CLANG_CXX_LANGUAGE_STANDARD = "gnu++20";
				CLANG_ENABLE_MODULES = YES;
				CLANG_ENABLE_OBJC_ARC = YES;
				CLANG_ENABLE_OBJC_WEAK = YES;
				CLANG_WARN_BLOCK_CAPTURE_AUTORELEASING = YES;
				CLANG_WARN_BOOL_CONVERSION = YES;
				CLANG_WARN_COMMA = YES;
				CLANG_WARN_CONSTANT_CONVERSION = YES;
				CLANG_WARN_DEPRECATED_OBJC_IMPLEMENTATIONS = YES;
				CLANG_WARN_DIRECT_OBJC_ISA_USAGE = YES_ERROR;
				CLANG_WARN_DOCUMENTATION_COMMENTS = YES;
				CLANG_WARN_EMPTY_BODY = YES;
				CLANG_WARN_ENUM_CONVERSION = YES;
				CLANG_WARN_INFINITE_RECURSION = YES;
				CLANG_WARN_INT_CONVERSION = YES;
				CLANG_WARN_NON_LITERAL_NULL_CONVERSION = YES;
				CLANG_WARN_OBJC_IMPLICIT_RETAIN_SELF = YES;
				CLANG_WARN_OBJC_LITERAL_CONVERSION = YES;
				CLANG_WARN_OBJC_ROOT_CLASS = YES_ERROR;
				CLANG_WARN_QUOTED_INCLUDE_IN_FRAMEWORK_HEADER = YES;
				CLANG_WARN_RANGE_LOOP_ANALYSIS = YES;
				CLANG_WARN_STRICT_PROTOTYPES = YES;
				CLANG_WARN_SUSPICIOUS_MOVE = YES;
				CLANG_WARN_UNGUARDED_AVAILABILITY = YES_AGGRESSIVE;
				CLANG_WARN_UNREACHABLE_CODE = YES;
				CLANG_WARN__DUPLICATE_METHOD_MATCH = YES;
				COPY_PHASE_STRIP = NO;
				DEBUG_INFORMATION_FORMAT = "dwarf-with-dsym";
				ENABLE_NS_ASSERTIONS = NO;
				ENABLE_STRICT_OBJC_MSGSEND = YES;
				GCC_C_LANGUAGE_STANDARD = gnu11;
				GCC_NO_COMMON_BLOCKS = YES;
				GCC_WARN_64_TO_32_BIT_CONVERSION = YES;
				GCC_WARN_ABOUT_RETURN_TYPE = YES_ERROR;
				GCC_WARN_UNDECLARED_SELECTOR = YES;
				GCC_WARN_UNINITIALIZED_AUTOS = YES_AGGRESSIVE;
				GCC_WARN_UNUSED_FUNCTION = YES;
				GCC_WARN_UNUSED_VARIABLE = YES;
				IPHONEOS_DEPLOYMENT_TARGET = 16.4;
				MTL_ENABLE_DEBUG_INFO = NO;
				MTL_FAST_MATH = YES;
				SDKROOT = iphoneos;
				SWIFT_COMPILATION_MODE = wholemodule;
				SWIFT_OPTIMIZATION_LEVEL = "-O";
				VALIDATE_PRODUCT = YES;
			};
			name = Release;
		};
		6E21B2022A724CE600D7613A /* Debug */ = {
			isa = XCBuildConfiguration;
			buildSettings = {
				ASSETCATALOG_COMPILER_APPICON_NAME = AppIcon;
				ASSETCATALOG_COMPILER_GLOBAL_ACCENT_COLOR_NAME = AccentColor;
				CODE_SIGN_STYLE = Automatic;
				CURRENT_PROJECT_VERSION = 1;
				DEVELOPMENT_TEAM = B24G869DB7;
				GENERATE_INFOPLIST_FILE = YES;
				INFOPLIST_FILE = "week2-TableProject/Info.plist";
				INFOPLIST_KEY_UIApplicationSupportsIndirectInputEvents = YES;
				INFOPLIST_KEY_UILaunchStoryboardName = LaunchScreen;
				INFOPLIST_KEY_UIMainStoryboardFile = Main;
				INFOPLIST_KEY_UISupportedInterfaceOrientations_iPad = "UIInterfaceOrientationPortrait UIInterfaceOrientationPortraitUpsideDown UIInterfaceOrientationLandscapeLeft UIInterfaceOrientationLandscapeRight";
				INFOPLIST_KEY_UISupportedInterfaceOrientations_iPhone = "UIInterfaceOrientationPortrait UIInterfaceOrientationLandscapeLeft UIInterfaceOrientationLandscapeRight";
				IPHONEOS_DEPLOYMENT_TARGET = 16.0;
				LD_RUNPATH_SEARCH_PATHS = (
					"$(inherited)",
					"@executable_path/Frameworks",
				);
				MARKETING_VERSION = 1.0;
				PRODUCT_BUNDLE_IDENTIFIER = "com.sesac.week2-TableProject";
				PRODUCT_NAME = "$(TARGET_NAME)";
				SUPPORTED_PLATFORMS = "iphoneos iphonesimulator";
				SUPPORTS_MACCATALYST = NO;
				SUPPORTS_MAC_DESIGNED_FOR_IPHONE_IPAD = NO;
				SWIFT_EMIT_LOC_STRINGS = YES;
				SWIFT_VERSION = 5.0;
				TARGETED_DEVICE_FAMILY = 1;
			};
			name = Debug;
		};
		6E21B2032A724CE600D7613A /* Release */ = {
			isa = XCBuildConfiguration;
			buildSettings = {
				ASSETCATALOG_COMPILER_APPICON_NAME = AppIcon;
				ASSETCATALOG_COMPILER_GLOBAL_ACCENT_COLOR_NAME = AccentColor;
				CODE_SIGN_STYLE = Automatic;
				CURRENT_PROJECT_VERSION = 1;
				DEVELOPMENT_TEAM = B24G869DB7;
				GENERATE_INFOPLIST_FILE = YES;
				INFOPLIST_FILE = "week2-TableProject/Info.plist";
				INFOPLIST_KEY_UIApplicationSupportsIndirectInputEvents = YES;
				INFOPLIST_KEY_UILaunchStoryboardName = LaunchScreen;
				INFOPLIST_KEY_UIMainStoryboardFile = Main;
				INFOPLIST_KEY_UISupportedInterfaceOrientations_iPad = "UIInterfaceOrientationPortrait UIInterfaceOrientationPortraitUpsideDown UIInterfaceOrientationLandscapeLeft UIInterfaceOrientationLandscapeRight";
				INFOPLIST_KEY_UISupportedInterfaceOrientations_iPhone = "UIInterfaceOrientationPortrait UIInterfaceOrientationLandscapeLeft UIInterfaceOrientationLandscapeRight";
				IPHONEOS_DEPLOYMENT_TARGET = 16.0;
				LD_RUNPATH_SEARCH_PATHS = (
					"$(inherited)",
					"@executable_path/Frameworks",
				);
				MARKETING_VERSION = 1.0;
				PRODUCT_BUNDLE_IDENTIFIER = "com.sesac.week2-TableProject";
				PRODUCT_NAME = "$(TARGET_NAME)";
				SUPPORTED_PLATFORMS = "iphoneos iphonesimulator";
				SUPPORTS_MACCATALYST = NO;
				SUPPORTS_MAC_DESIGNED_FOR_IPHONE_IPAD = NO;
				SWIFT_EMIT_LOC_STRINGS = YES;
				SWIFT_VERSION = 5.0;
				TARGETED_DEVICE_FAMILY = 1;
			};
			name = Release;
		};
/* End XCBuildConfiguration section */

/* Begin XCConfigurationList section */
		6E21B1E82A724CE400D7613A /* Build configuration list for PBXProject "week2-TableProject" */ = {
			isa = XCConfigurationList;
			buildConfigurations = (
				6E21B1FF2A724CE600D7613A /* Debug */,
				6E21B2002A724CE600D7613A /* Release */,
			);
			defaultConfigurationIsVisible = 0;
			defaultConfigurationName = Release;
		};
		6E21B2012A724CE600D7613A /* Build configuration list for PBXNativeTarget "week2-TableProject" */ = {
			isa = XCConfigurationList;
			buildConfigurations = (
				6E21B2022A724CE600D7613A /* Debug */,
				6E21B2032A724CE600D7613A /* Release */,
			);
			defaultConfigurationIsVisible = 0;
			defaultConfigurationName = Release;
		};
/* End XCConfigurationList section */
	};
	rootObject = 6E21B1E52A724CE400D7613A /* Project object */;
}
